
Microsoft Visual Studio Solution File, Format Version 12.00
# Visual Studio Version 16
VisualStudioVersion = 16.0.29411.108
MinimumVisualStudioVersion = 10.0.40219.1
Project("{9A19103F-16F7-4668-BE54-9A1E7A4F7556}") = "FrontEnd", "MasjidTracker\FrontEnd.csproj", "{CBCC2011-B870-4309-82CB-7659E5B323C8}"
EndProject
Project("{9A19103F-16F7-4668-BE54-9A1E7A4F7556}") = "BackEnd", "BackEnd\BackEnd.csproj", "{B2495100-ADFF-41ED-9666-44C601DE5104}"
EndProject
Project("{9A19103F-16F7-4668-BE54-9A1E7A4F7556}") = "common", "common\common.csproj", "{61502EED-D98F-4331-BB00-28C62F1E1EFD}"
EndProject
Project("{00D1A9C2-B5F0-4AF3-8072-F6C62B433612}") = "database-sql", "database-sql\database-sql.sqlproj", "{066813B1-A9E2-47E9-BF80-1A79606814F0}"
EndProject
Project("{9A19103F-16F7-4668-BE54-9A1E7A4F7556}") = "MobileAuthenticate", "MobileAuthenticate\MobileAuthenticate.csproj", "{E8854597-98DD-47B4-A018-C62FCA5306BC}"
EndProject
Project("{9A19103F-16F7-4668-BE54-9A1E7A4F7556}") = "Admin", "Admin\Admin.csproj", "{DC7FD32D-C9F0-4F75-BDF1-C620ABB6C0F0}"
EndProject
Global
	GlobalSection(SolutionConfigurationPlatforms) = preSolution
		Debug|Any CPU = Debug|Any CPU
		Debug|iPhone = Debug|iPhone
		Debug|iPhoneSimulator = Debug|iPhoneSimulator
		Release|Any CPU = Release|Any CPU
		Release|iPhone = Release|iPhone
		Release|iPhoneSimulator = Release|iPhoneSimulator
	EndGlobalSection
	GlobalSection(ProjectConfigurationPlatforms) = postSolution
		{CBCC2011-B870-4309-82CB-7659E5B323C8}.Debug|Any CPU.ActiveCfg = Debug|Any CPU
		{CBCC2011-B870-4309-82CB-7659E5B323C8}.Debug|Any CPU.Build.0 = Debug|Any CPU
		{CBCC2011-B870-4309-82CB-7659E5B323C8}.Debug|iPhone.ActiveCfg = Debug|Any CPU
		{CBCC2011-B870-4309-82CB-7659E5B323C8}.Debug|iPhone.Build.0 = Debug|Any CPU
		{CBCC2011-B870-4309-82CB-7659E5B323C8}.Debug|iPhoneSimulator.ActiveCfg = Debug|Any CPU
		{CBCC2011-B870-4309-82CB-7659E5B323C8}.Debug|iPhoneSimulator.Build.0 = Debug|Any CPU
		{CBCC2011-B870-4309-82CB-7659E5B323C8}.Release|Any CPU.ActiveCfg = Release|Any CPU
		{CBCC2011-B870-4309-82CB-7659E5B323C8}.Release|Any CPU.Build.0 = Release|Any CPU
		{CBCC2011-B870-4309-82CB-7659E5B323C8}.Release|iPhone.ActiveCfg = Release|Any CPU
		{CBCC2011-B870-4309-82CB-7659E5B323C8}.Release|iPhone.Build.0 = Release|Any CPU
		{CBCC2011-B870-4309-82CB-7659E5B323C8}.Release|iPhoneSimulator.ActiveCfg = Release|Any CPU
		{CBCC2011-B870-4309-82CB-7659E5B323C8}.Release|iPhoneSimulator.Build.0 = Release|Any CPU
		{B2495100-ADFF-41ED-9666-44C601DE5104}.Debug|Any CPU.ActiveCfg = Debug|Any CPU
		{B2495100-ADFF-41ED-9666-44C601DE5104}.Debug|Any CPU.Build.0 = Debug|Any CPU
		{B2495100-ADFF-41ED-9666-44C601DE5104}.Debug|iPhone.ActiveCfg = Debug|Any CPU
		{B2495100-ADFF-41ED-9666-44C601DE5104}.Debug|iPhone.Build.0 = Debug|Any CPU
		{B2495100-ADFF-41ED-9666-44C601DE5104}.Debug|iPhoneSimulator.ActiveCfg = Debug|Any CPU
		{B2495100-ADFF-41ED-9666-44C601DE5104}.Debug|iPhoneSimulator.Build.0 = Debug|Any CPU
		{B2495100-ADFF-41ED-9666-44C601DE5104}.Release|Any CPU.ActiveCfg = Release|Any CPU
		{B2495100-ADFF-41ED-9666-44C601DE5104}.Release|Any CPU.Build.0 = Release|Any CPU
		{B2495100-ADFF-41ED-9666-44C601DE5104}.Release|iPhone.ActiveCfg = Release|Any CPU
		{B2495100-ADFF-41ED-9666-44C601DE5104}.Release|iPhone.Build.0 = Release|Any CPU
		{B2495100-ADFF-41ED-9666-44C601DE5104}.Release|iPhoneSimulator.ActiveCfg = Release|Any CPU
		{B2495100-ADFF-41ED-9666-44C601DE5104}.Release|iPhoneSimulator.Build.0 = Release|Any CPU
		{61502EED-D98F-4331-BB00-28C62F1E1EFD}.Debug|Any CPU.ActiveCfg = Debug|Any CPU
		{61502EED-D98F-4331-BB00-28C62F1E1EFD}.Debug|Any CPU.Build.0 = Debug|Any CPU
		{61502EED-D98F-4331-BB00-28C62F1E1EFD}.Debug|iPhone.ActiveCfg = Debug|Any CPU
		{61502EED-D98F-4331-BB00-28C62F1E1EFD}.Debug|iPhone.Build.0 = Debug|Any CPU
		{61502EED-D98F-4331-BB00-28C62F1E1EFD}.Debug|iPhoneSimulator.ActiveCfg = Debug|Any CPU
		{61502EED-D98F-4331-BB00-28C62F1E1EFD}.Debug|iPhoneSimulator.Build.0 = Debug|Any CPU
		{61502EED-D98F-4331-BB00-28C62F1E1EFD}.Release|Any CPU.ActiveCfg = Release|Any CPU
		{61502EED-D98F-4331-BB00-28C62F1E1EFD}.Release|Any CPU.Build.0 = Release|Any CPU
		{61502EED-D98F-4331-BB00-28C62F1E1EFD}.Release|iPhone.ActiveCfg = Release|Any CPU
		{61502EED-D98F-4331-BB00-28C62F1E1EFD}.Release|iPhone.Build.0 = Release|Any CPU
		{61502EED-D98F-4331-BB00-28C62F1E1EFD}.Release|iPhoneSimulator.ActiveCfg = Release|Any CPU
		{61502EED-D98F-4331-BB00-28C62F1E1EFD}.Release|iPhoneSimulator.Build.0 = Release|Any CPU
		{066813B1-A9E2-47E9-BF80-1A79606814F0}.Debug|Any CPU.ActiveCfg = Debug|Any CPU
		{066813B1-A9E2-47E9-BF80-1A79606814F0}.Debug|Any CPU.Deploy.0 = Debug|Any CPU
		{066813B1-A9E2-47E9-BF80-1A79606814F0}.Debug|iPhone.ActiveCfg = Debug|Any CPU
		{066813B1-A9E2-47E9-BF80-1A79606814F0}.Debug|iPhone.Build.0 = Debug|Any CPU
		{066813B1-A9E2-47E9-BF80-1A79606814F0}.Debug|iPhone.Deploy.0 = Debug|Any CPU
		{066813B1-A9E2-47E9-BF80-1A79606814F0}.Debug|iPhoneSimulator.ActiveCfg = Debug|Any CPU
		{066813B1-A9E2-47E9-BF80-1A79606814F0}.Debug|iPhoneSimulator.Build.0 = Debug|Any CPU
		{066813B1-A9E2-47E9-BF80-1A79606814F0}.Debug|iPhoneSimulator.Deploy.0 = Debug|Any CPU
		{066813B1-A9E2-47E9-BF80-1A79606814F0}.Release|Any CPU.ActiveCfg = Release|Any CPU
		{066813B1-A9E2-47E9-BF80-1A79606814F0}.Release|Any CPU.Deploy.0 = Release|Any CPU
		{066813B1-A9E2-47E9-BF80-1A79606814F0}.Release|iPhone.ActiveCfg = Release|Any CPU
		{066813B1-A9E2-47E9-BF80-1A79606814F0}.Release|iPhone.Build.0 = Release|Any CPU
		{066813B1-A9E2-47E9-BF80-1A79606814F0}.Release|iPhone.Deploy.0 = Release|Any CPU
		{066813B1-A9E2-47E9-BF80-1A79606814F0}.Release|iPhoneSimulator.ActiveCfg = Release|Any CPU
		{066813B1-A9E2-47E9-BF80-1A79606814F0}.Release|iPhoneSimulator.Build.0 = Release|Any CPU
		{066813B1-A9E2-47E9-BF80-1A79606814F0}.Release|iPhoneSimulator.Deploy.0 = Release|Any CPU
		{E8854597-98DD-47B4-A018-C62FCA5306BC}.Debug|Any CPU.ActiveCfg = Debug|Any CPU
		{E8854597-98DD-47B4-A018-C62FCA5306BC}.Debug|Any CPU.Build.0 = Debug|Any CPU
		{E8854597-98DD-47B4-A018-C62FCA5306BC}.Debug|iPhone.ActiveCfg = Debug|Any CPU
		{E8854597-98DD-47B4-A018-C62FCA5306BC}.Debug|iPhone.Build.0 = Debug|Any CPU
		{E8854597-98DD-47B4-A018-C62FCA5306BC}.Debug|iPhoneSimulator.ActiveCfg = Debug|Any CPU
		{E8854597-98DD-47B4-A018-C62FCA5306BC}.Debug|iPhoneSimulator.Build.0 = Debug|Any CPU
		{E8854597-98DD-47B4-A018-C62FCA5306BC}.Release|Any CPU.ActiveCfg = Release|Any CPU
		{E8854597-98DD-47B4-A018-C62FCA5306BC}.Release|Any CPU.Build.0 = Release|Any CPU
		{E8854597-98DD-47B4-A018-C62FCA5306BC}.Release|iPhone.ActiveCfg = Release|Any CPU
		{E8854597-98DD-47B4-A018-C62FCA5306BC}.Release|iPhone.Build.0 = Release|Any CPU
		{E8854597-98DD-47B4-A018-C62FCA5306BC}.Release|iPhoneSimulator.ActiveCfg = Release|Any CPU
		{E8854597-98DD-47B4-A018-C62FCA5306BC}.Release|iPhoneSimulator.Build.0 = Release|Any CPU
		{DC7FD32D-C9F0-4F75-BDF1-C620ABB6C0F0}.Debug|Any CPU.ActiveCfg = Debug|Any CPU
		{DC7FD32D-C9F0-4F75-BDF1-C620ABB6C0F0}.Debug|Any CPU.Build.0 = Debug|Any CPU
		{DC7FD32D-C9F0-4F75-BDF1-C620ABB6C0F0}.Debug|iPhone.ActiveCfg = Debug|Any CPU
		{DC7FD32D-C9F0-4F75-BDF1-C620ABB6C0F0}.Debug|iPhone.Build.0 = Debug|Any CPU
		{DC7FD32D-C9F0-4F75-BDF1-C620ABB6C0F0}.Debug|iPhoneSimulator.ActiveCfg = Debug|Any CPU
		{DC7FD32D-C9F0-4F75-BDF1-C620ABB6C0F0}.Debug|iPhoneSimulator.Build.0 = Debug|Any CPU
		{DC7FD32D-C9F0-4F75-BDF1-C620ABB6C0F0}.Release|Any CPU.ActiveCfg = Release|Any CPU
		{DC7FD32D-C9F0-4F75-BDF1-C620ABB6C0F0}.Release|Any CPU.Build.0 = Release|Any CPU
		{DC7FD32D-C9F0-4F75-BDF1-C620ABB6C0F0}.Release|iPhone.ActiveCfg = Release|Any CPU
		{DC7FD32D-C9F0-4F75-BDF1-C620ABB6C0F0}.Release|iPhone.Build.0 = Release|Any CPU
		{DC7FD32D-C9F0-4F75-BDF1-C620ABB6C0F0}.Release|iPhoneSimulator.ActiveCfg = Release|Any CPU
		{DC7FD32D-C9F0-4F75-BDF1-C620ABB6C0F0}.Release|iPhoneSimulator.Build.0 = Release|Any CPU
	EndGlobalSection
	GlobalSection(SolutionProperties) = preSolution
		HideSolutionNode = FALSE
	EndGlobalSection
	GlobalSection(ExtensibilityGlobals) = postSolution
		SolutionGuid = {7742636F-23E8-40D0-A6E3-B2388C64ACFB}
	EndGlobalSection
EndGlobal
