
Microsoft Visual Studio Solution File, Format Version 12.00
# Visual Studio Version 16
VisualStudioVersion = 16.0.29411.108
MinimumVisualStudioVersion = 10.0.40219.1
Project("{9A19103F-16F7-4668-BE54-9A1E7A4F7556}") = "FrontEnd", "MasjidTracker\FrontEnd.csproj", "{CBCC2011-B870-4309-82CB-7659E5B323C8}"
EndProject
Project("{00D1A9C2-B5F0-4AF3-8072-F6C62B433612}") = "database-sql", "database-sql\database-sql.sqlproj", "{066813B1-A9E2-47E9-BF80-1A79606814F0}"
EndProject
Project("{9A19103F-16F7-4668-BE54-9A1E7A4F7556}") = "BackEnd", "BackEnd\BackEnd.csproj", "{B2495100-ADFF-41ED-9666-44C601DE5104}"
EndProject
Project("{9A19103F-16F7-4668-BE54-9A1E7A4F7556}") = "common", "common\common.csproj", "{61502EED-D98F-4331-BB00-28C62F1E1EFD}"
EndProject
Project("{FAE04EC0-301F-11D3-BF4B-00C04F79EFBC}") = "SNMC-Scanner.Android", "SNMC-Scanner\SNMC-Scanner.Android\SNMC-Scanner.Android.csproj", "{ACF3939D-222C-422B-9869-036947030311}"
EndProject
Project("{FAE04EC0-301F-11D3-BF4B-00C04F79EFBC}") = "SNMC-Scanner.iOS", "SNMC-Scanner\SNMC-Scanner.iOS\SNMC-Scanner.iOS.csproj", "{A9861C8E-2CAE-47DA-8DDF-931833F19F51}"
EndProject
Project("{FAE04EC0-301F-11D3-BF4B-00C04F79EFBC}") = "SNMC-Scanner", "SNMC-Scanner\SNMC-Scanner\SNMC-Scanner.csproj", "{FABF392B-D7AF-437F-9E5E-2FA21A6A27CA}"
EndProject
Global
	GlobalSection(SolutionConfigurationPlatforms) = preSolution
		Debug|Any CPU = Debug|Any CPU
		Debug|iPhone = Debug|iPhone
		Debug|iPhoneSimulator = Debug|iPhoneSimulator
		Release|Any CPU = Release|Any CPU
		Release|iPhone = Release|iPhone
		Release|iPhoneSimulator = Release|iPhoneSimulator
	EndGlobalSection
	GlobalSection(ProjectConfigurationPlatforms) = postSolution
		{CBCC2011-B870-4309-82CB-7659E5B323C8}.Debug|Any CPU.ActiveCfg = Debug|Any CPU
		{CBCC2011-B870-4309-82CB-7659E5B323C8}.Debug|Any CPU.Build.0 = Debug|Any CPU
		{CBCC2011-B870-4309-82CB-7659E5B323C8}.Debug|iPhone.ActiveCfg = Debug|Any CPU
		{CBCC2011-B870-4309-82CB-7659E5B323C8}.Debug|iPhone.Build.0 = Debug|Any CPU
		{CBCC2011-B870-4309-82CB-7659E5B323C8}.Debug|iPhoneSimulator.ActiveCfg = Debug|Any CPU
		{CBCC2011-B870-4309-82CB-7659E5B323C8}.Debug|iPhoneSimulator.Build.0 = Debug|Any CPU
		{CBCC2011-B870-4309-82CB-7659E5B323C8}.Release|Any CPU.ActiveCfg = Release|Any CPU
		{CBCC2011-B870-4309-82CB-7659E5B323C8}.Release|Any CPU.Build.0 = Release|Any CPU
		{CBCC2011-B870-4309-82CB-7659E5B323C8}.Release|iPhone.ActiveCfg = Release|Any CPU
		{CBCC2011-B870-4309-82CB-7659E5B323C8}.Release|iPhone.Build.0 = Release|Any CPU
		{CBCC2011-B870-4309-82CB-7659E5B323C8}.Release|iPhoneSimulator.ActiveCfg = Release|Any CPU
		{CBCC2011-B870-4309-82CB-7659E5B323C8}.Release|iPhoneSimulator.Build.0 = Release|Any CPU
		{066813B1-A9E2-47E9-BF80-1A79606814F0}.Debug|Any CPU.ActiveCfg = Debug|Any CPU
		{066813B1-A9E2-47E9-BF80-1A79606814F0}.Debug|Any CPU.Build.0 = Debug|Any CPU
		{066813B1-A9E2-47E9-BF80-1A79606814F0}.Debug|Any CPU.Deploy.0 = Debug|Any CPU
		{066813B1-A9E2-47E9-BF80-1A79606814F0}.Debug|iPhone.ActiveCfg = Debug|Any CPU
		{066813B1-A9E2-47E9-BF80-1A79606814F0}.Debug|iPhone.Build.0 = Debug|Any CPU
		{066813B1-A9E2-47E9-BF80-1A79606814F0}.Debug|iPhone.Deploy.0 = Debug|Any CPU
		{066813B1-A9E2-47E9-BF80-1A79606814F0}.Debug|iPhoneSimulator.ActiveCfg = Debug|Any CPU
		{066813B1-A9E2-47E9-BF80-1A79606814F0}.Debug|iPhoneSimulator.Build.0 = Debug|Any CPU
		{066813B1-A9E2-47E9-BF80-1A79606814F0}.Debug|iPhoneSimulator.Deploy.0 = Debug|Any CPU
		{066813B1-A9E2-47E9-BF80-1A79606814F0}.Release|Any CPU.ActiveCfg = Release|Any CPU
		{066813B1-A9E2-47E9-BF80-1A79606814F0}.Release|Any CPU.Build.0 = Release|Any CPU
		{066813B1-A9E2-47E9-BF80-1A79606814F0}.Release|Any CPU.Deploy.0 = Release|Any CPU
		{066813B1-A9E2-47E9-BF80-1A79606814F0}.Release|iPhone.ActiveCfg = Release|Any CPU
		{066813B1-A9E2-47E9-BF80-1A79606814F0}.Release|iPhone.Build.0 = Release|Any CPU
		{066813B1-A9E2-47E9-BF80-1A79606814F0}.Release|iPhone.Deploy.0 = Release|Any CPU
		{066813B1-A9E2-47E9-BF80-1A79606814F0}.Release|iPhoneSimulator.ActiveCfg = Release|Any CPU
		{066813B1-A9E2-47E9-BF80-1A79606814F0}.Release|iPhoneSimulator.Build.0 = Release|Any CPU
		{066813B1-A9E2-47E9-BF80-1A79606814F0}.Release|iPhoneSimulator.Deploy.0 = Release|Any CPU
		{B2495100-ADFF-41ED-9666-44C601DE5104}.Debug|Any CPU.ActiveCfg = Debug|Any CPU
		{B2495100-ADFF-41ED-9666-44C601DE5104}.Debug|Any CPU.Build.0 = Debug|Any CPU
		{B2495100-ADFF-41ED-9666-44C601DE5104}.Debug|iPhone.ActiveCfg = Debug|Any CPU
		{B2495100-ADFF-41ED-9666-44C601DE5104}.Debug|iPhone.Build.0 = Debug|Any CPU
		{B2495100-ADFF-41ED-9666-44C601DE5104}.Debug|iPhoneSimulator.ActiveCfg = Debug|Any CPU
		{B2495100-ADFF-41ED-9666-44C601DE5104}.Debug|iPhoneSimulator.Build.0 = Debug|Any CPU
		{B2495100-ADFF-41ED-9666-44C601DE5104}.Release|Any CPU.ActiveCfg = Release|Any CPU
		{B2495100-ADFF-41ED-9666-44C601DE5104}.Release|Any CPU.Build.0 = Release|Any CPU
		{B2495100-ADFF-41ED-9666-44C601DE5104}.Release|iPhone.ActiveCfg = Release|Any CPU
		{B2495100-ADFF-41ED-9666-44C601DE5104}.Release|iPhone.Build.0 = Release|Any CPU
		{B2495100-ADFF-41ED-9666-44C601DE5104}.Release|iPhoneSimulator.ActiveCfg = Release|Any CPU
		{B2495100-ADFF-41ED-9666-44C601DE5104}.Release|iPhoneSimulator.Build.0 = Release|Any CPU
		{61502EED-D98F-4331-BB00-28C62F1E1EFD}.Debug|Any CPU.ActiveCfg = Debug|Any CPU
		{61502EED-D98F-4331-BB00-28C62F1E1EFD}.Debug|Any CPU.Build.0 = Debug|Any CPU
		{61502EED-D98F-4331-BB00-28C62F1E1EFD}.Debug|iPhone.ActiveCfg = Debug|Any CPU
		{61502EED-D98F-4331-BB00-28C62F1E1EFD}.Debug|iPhone.Build.0 = Debug|Any CPU
		{61502EED-D98F-4331-BB00-28C62F1E1EFD}.Debug|iPhoneSimulator.ActiveCfg = Debug|Any CPU
		{61502EED-D98F-4331-BB00-28C62F1E1EFD}.Debug|iPhoneSimulator.Build.0 = Debug|Any CPU
		{61502EED-D98F-4331-BB00-28C62F1E1EFD}.Release|Any CPU.ActiveCfg = Release|Any CPU
		{61502EED-D98F-4331-BB00-28C62F1E1EFD}.Release|Any CPU.Build.0 = Release|Any CPU
		{61502EED-D98F-4331-BB00-28C62F1E1EFD}.Release|iPhone.ActiveCfg = Release|Any CPU
		{61502EED-D98F-4331-BB00-28C62F1E1EFD}.Release|iPhone.Build.0 = Release|Any CPU
		{61502EED-D98F-4331-BB00-28C62F1E1EFD}.Release|iPhoneSimulator.ActiveCfg = Release|Any CPU
		{61502EED-D98F-4331-BB00-28C62F1E1EFD}.Release|iPhoneSimulator.Build.0 = Release|Any CPU
		{ACF3939D-222C-422B-9869-036947030311}.Debug|Any CPU.ActiveCfg = Debug|Any CPU
		{ACF3939D-222C-422B-9869-036947030311}.Debug|Any CPU.Build.0 = Debug|Any CPU
		{ACF3939D-222C-422B-9869-036947030311}.Debug|Any CPU.Deploy.0 = Debug|Any CPU
		{ACF3939D-222C-422B-9869-036947030311}.Debug|iPhone.ActiveCfg = Debug|Any CPU
		{ACF3939D-222C-422B-9869-036947030311}.Debug|iPhone.Build.0 = Debug|Any CPU
		{ACF3939D-222C-422B-9869-036947030311}.Debug|iPhone.Deploy.0 = Debug|Any CPU
		{ACF3939D-222C-422B-9869-036947030311}.Debug|iPhoneSimulator.ActiveCfg = Debug|Any CPU
		{ACF3939D-222C-422B-9869-036947030311}.Debug|iPhoneSimulator.Build.0 = Debug|Any CPU
		{ACF3939D-222C-422B-9869-036947030311}.Debug|iPhoneSimulator.Deploy.0 = Debug|Any CPU
		{ACF3939D-222C-422B-9869-036947030311}.Release|Any CPU.ActiveCfg = Release|Any CPU
		{ACF3939D-222C-422B-9869-036947030311}.Release|Any CPU.Build.0 = Release|Any CPU
		{ACF3939D-222C-422B-9869-036947030311}.Release|Any CPU.Deploy.0 = Release|Any CPU
		{ACF3939D-222C-422B-9869-036947030311}.Release|iPhone.ActiveCfg = Release|Any CPU
		{ACF3939D-222C-422B-9869-036947030311}.Release|iPhone.Build.0 = Release|Any CPU
		{ACF3939D-222C-422B-9869-036947030311}.Release|iPhone.Deploy.0 = Release|Any CPU
		{ACF3939D-222C-422B-9869-036947030311}.Release|iPhoneSimulator.ActiveCfg = Release|Any CPU
		{ACF3939D-222C-422B-9869-036947030311}.Release|iPhoneSimulator.Build.0 = Release|Any CPU
		{ACF3939D-222C-422B-9869-036947030311}.Release|iPhoneSimulator.Deploy.0 = Release|Any CPU
		{A9861C8E-2CAE-47DA-8DDF-931833F19F51}.Debug|Any CPU.ActiveCfg = Debug|iPhone
		{A9861C8E-2CAE-47DA-8DDF-931833F19F51}.Debug|iPhone.ActiveCfg = Debug|iPhone
		{A9861C8E-2CAE-47DA-8DDF-931833F19F51}.Debug|iPhone.Build.0 = Debug|iPhone
		{A9861C8E-2CAE-47DA-8DDF-931833F19F51}.Debug|iPhone.Deploy.0 = Debug|iPhone
		{A9861C8E-2CAE-47DA-8DDF-931833F19F51}.Debug|iPhoneSimulator.ActiveCfg = Debug|iPhoneSimulator
		{A9861C8E-2CAE-47DA-8DDF-931833F19F51}.Debug|iPhoneSimulator.Build.0 = Debug|iPhoneSimulator
		{A9861C8E-2CAE-47DA-8DDF-931833F19F51}.Debug|iPhoneSimulator.Deploy.0 = Debug|iPhoneSimulator
		{A9861C8E-2CAE-47DA-8DDF-931833F19F51}.Release|Any CPU.ActiveCfg = Release|iPhone
		{A9861C8E-2CAE-47DA-8DDF-931833F19F51}.Release|iPhone.ActiveCfg = Release|iPhone
		{A9861C8E-2CAE-47DA-8DDF-931833F19F51}.Release|iPhone.Build.0 = Release|iPhone
		{A9861C8E-2CAE-47DA-8DDF-931833F19F51}.Release|iPhone.Deploy.0 = Release|iPhone
		{A9861C8E-2CAE-47DA-8DDF-931833F19F51}.Release|iPhoneSimulator.ActiveCfg = Release|iPhoneSimulator
		{A9861C8E-2CAE-47DA-8DDF-931833F19F51}.Release|iPhoneSimulator.Build.0 = Release|iPhoneSimulator
		{A9861C8E-2CAE-47DA-8DDF-931833F19F51}.Release|iPhoneSimulator.Deploy.0 = Release|iPhoneSimulator
		{FABF392B-D7AF-437F-9E5E-2FA21A6A27CA}.Debug|Any CPU.ActiveCfg = Debug|Any CPU
		{FABF392B-D7AF-437F-9E5E-2FA21A6A27CA}.Debug|Any CPU.Build.0 = Debug|Any CPU
		{FABF392B-D7AF-437F-9E5E-2FA21A6A27CA}.Debug|iPhone.ActiveCfg = Debug|Any CPU
		{FABF392B-D7AF-437F-9E5E-2FA21A6A27CA}.Debug|iPhone.Build.0 = Debug|Any CPU
		{FABF392B-D7AF-437F-9E5E-2FA21A6A27CA}.Debug|iPhoneSimulator.ActiveCfg = Debug|Any CPU
		{FABF392B-D7AF-437F-9E5E-2FA21A6A27CA}.Debug|iPhoneSimulator.Build.0 = Debug|Any CPU
		{FABF392B-D7AF-437F-9E5E-2FA21A6A27CA}.Release|Any CPU.ActiveCfg = Release|Any CPU
		{FABF392B-D7AF-437F-9E5E-2FA21A6A27CA}.Release|Any CPU.Build.0 = Release|Any CPU
		{FABF392B-D7AF-437F-9E5E-2FA21A6A27CA}.Release|iPhone.ActiveCfg = Release|Any CPU
		{FABF392B-D7AF-437F-9E5E-2FA21A6A27CA}.Release|iPhone.Build.0 = Release|Any CPU
		{FABF392B-D7AF-437F-9E5E-2FA21A6A27CA}.Release|iPhoneSimulator.ActiveCfg = Release|Any CPU
		{FABF392B-D7AF-437F-9E5E-2FA21A6A27CA}.Release|iPhoneSimulator.Build.0 = Release|Any CPU
	EndGlobalSection
	GlobalSection(SolutionProperties) = preSolution
		HideSolutionNode = FALSE
	EndGlobalSection
	GlobalSection(ExtensibilityGlobals) = postSolution
		SolutionGuid = {7742636F-23E8-40D0-A6E3-B2388C64ACFB}
	EndGlobalSection
EndGlobal
